
Microsoft Visual Studio Solution File, Format Version 12.00
# Visual Studio 15
VisualStudioVersion = 15.0.28010.2003
MinimumVisualStudioVersion = 10.0.40219.1
Project("{FAE04EC0-301F-11D3-BF4B-00C04F79EFBC}") = "180911-dennissamieludwig", "180911-dennissamieludwig\180911-dennissamieludwig.csproj", "{95A75E9C-697D-44E4-A756-9A6E6EB260E8}"
EndProject
Global
	GlobalSection(SolutionConfigurationPlatforms) = preSolution
		Debug|Any CPU = Debug|Any CPU
		Release|Any CPU = Release|Any CPU
	EndGlobalSection
	GlobalSection(ProjectConfigurationPlatforms) = postSolution
		{95A75E9C-697D-44E4-A756-9A6E6EB260E8}.Debug|Any CPU.ActiveCfg = Debug|Any CPU
		{95A75E9C-697D-44E4-A756-9A6E6EB260E8}.Debug|Any CPU.Build.0 = Debug|Any CPU
		{95A75E9C-697D-44E4-A756-9A6E6EB260E8}.Release|Any CPU.ActiveCfg = Release|Any CPU
		{95A75E9C-697D-44E4-A756-9A6E6EB260E8}.Release|Any CPU.Build.0 = Release|Any CPU
	EndGlobalSection
	GlobalSection(SolutionProperties) = preSolution
		HideSolutionNode = FALSE
	EndGlobalSection
	GlobalSection(ExtensibilityGlobals) = postSolution
		SolutionGuid = {E247C76D-B71E-4352-824E-6D1F817BEDFC}
	EndGlobalSection
EndGlobal
